<?xml version="1.0" encoding="utf-8"?>
<Project ToolsVersion="4.0" xmlns="http://schemas.microsoft.com/developer/msbuild/2003">
  <ItemGroup>
    <Filter Include="소스 파일">
      <UniqueIdentifier>{4FC737F1-C7A5-4376-A066-2A32D752A2FF}</UniqueIdentifier>
      <Extensions>cpp;c;cc;cxx;c++;cppm;ixx;def;odl;idl;hpj;bat;asm;asmx</Extensions>
    </Filter>
    <Filter Include="리소스 파일">
      <UniqueIdentifier>{67DA6AB6-F800-4c08-8B7A-83BB121AAD01}</UniqueIdentifier>
      <Extensions>rc;ico;cur;bmp;dlg;rc2;rct;bin;rgs;gif;jpg;jpeg;jpe;resx;tiff;tif;png;wav;mfcribbon-ms</Extensions>
    </Filter>
    <Filter Include="소스 파일\Main">
      <UniqueIdentifier>{d1e46c01-df8c-4b48-8011-a3399edcc7b6}</UniqueIdentifier>
    </Filter>
    <Filter Include="소스 파일\EventManager">
      <UniqueIdentifier>{6282a060-9056-4222-be58-037aa546d3c1}</UniqueIdentifier>
    </Filter>
    <Filter Include="소스 파일\struct Header">
      <UniqueIdentifier>{7e4f0702-8bc2-4521-904c-a7d5fe6c8f56}</UniqueIdentifier>
    </Filter>
    <Filter Include="소스 파일\DataManager">
      <UniqueIdentifier>{1156d1c6-8322-47e9-a4cf-16beffcf55d7}</UniqueIdentifier>
    </Filter>
    <Filter Include="소스 파일\NetworkThread">
      <UniqueIdentifier>{2028d06b-4d04-49f3-bde4-f96879193bda}</UniqueIdentifier>
    </Filter>
    <Filter Include="소스 파일\ThreadManager">
      <UniqueIdentifier>{a2fa5c46-4d3b-4127-9766-728a35a216c9}</UniqueIdentifier>
    </Filter>
  </ItemGroup>
  <ItemGroup>
    <ClInclude Include="Common.h">
      <Filter>소스 파일\Main</Filter>
    </ClInclude>
    <ClInclude Include="resource.h">
      <Filter>리소스 파일</Filter>
    </ClInclude>
    <ClInclude Include="EventManager.h">
      <Filter>소스 파일\EventManager</Filter>
    </ClInclude>
    <ClInclude Include="Packet.h">
      <Filter>소스 파일\struct Header</Filter>
    </ClInclude>
    <ClInclude Include="GameEvent.h">
      <Filter>소스 파일\struct Header</Filter>
    </ClInclude>
    <ClInclude Include="DataManager.h">
      <Filter>소스 파일\DataManager</Filter>
    </ClInclude>
    <ClInclude Include="NetworkThread.h">
      <Filter>소스 파일\NetworkThread</Filter>
    </ClInclude>
    <ClInclude Include="ThreadManager.h" />
  </ItemGroup>
  <ItemGroup>
    <ClCompile Include="Main.cpp">
      <Filter>소스 파일\Main</Filter>
    </ClCompile>
    <ClCompile Include="EventManager.cpp">
      <Filter>소스 파일\EventManager</Filter>
    </ClCompile>
    <ClCompile Include="DataManager.cpp">
      <Filter>소스 파일\DataManager</Filter>
    </ClCompile>
    <ClCompile Include="NetworkThread.cpp">
      <Filter>소스 파일\NetworkThread</Filter>
    </ClCompile>
    <ClCompile Include="ThreadManager.cpp">
      <Filter>소스 파일</Filter>
    </ClCompile>
  </ItemGroup>
  <ItemGroup>
    <ResourceCompile Include="NGP_Server.rc">
      <Filter>리소스 파일</Filter>
    </ResourceCompile>
  </ItemGroup>
</Project>