
Microsoft Visual Studio Solution File, Format Version 12.00
# Visual Studio Version 17
VisualStudioVersion = 17.14.36623.8 d17.14
MinimumVisualStudioVersion = 10.0.40219.1
Project("{8BC9CEB8-8B4A-11D0-8D11-00A0C91BC942}") = "NGP_Server", "NGP_Server.vcxproj", "{ADBDF987-499B-44D1-AD5F-C5580CE5EEF2}"
EndProject
Global
	GlobalSection(SolutionConfigurationPlatforms) = preSolution
		Debug|x64 = Debug|x64
		Debug|x86 = Debug|x86
		Release|x64 = Release|x64
		Release|x86 = Release|x86
	EndGlobalSection
	GlobalSection(ProjectConfigurationPlatforms) = postSolution
		{ADBDF987-499B-44D1-AD5F-C5580CE5EEF2}.Debug|x64.ActiveCfg = Debug|x64
		{ADBDF987-499B-44D1-AD5F-C5580CE5EEF2}.Debug|x64.Build.0 = Debug|x64
		{ADBDF987-499B-44D1-AD5F-C5580CE5EEF2}.Debug|x86.ActiveCfg = Debug|Win32
		{ADBDF987-499B-44D1-AD5F-C5580CE5EEF2}.Debug|x86.Build.0 = Debug|Win32
		{ADBDF987-499B-44D1-AD5F-C5580CE5EEF2}.Release|x64.ActiveCfg = Release|x64
		{ADBDF987-499B-44D1-AD5F-C5580CE5EEF2}.Release|x64.Build.0 = Release|x64
		{ADBDF987-499B-44D1-AD5F-C5580CE5EEF2}.Release|x86.ActiveCfg = Release|Win32
		{ADBDF987-499B-44D1-AD5F-C5580CE5EEF2}.Release|x86.Build.0 = Release|Win32
	EndGlobalSection
	GlobalSection(SolutionProperties) = preSolution
		HideSolutionNode = FALSE
	EndGlobalSection
	GlobalSection(ExtensibilityGlobals) = postSolution
		SolutionGuid = {1E370A45-2DD8-4A45-BAA4-5EFAD1A5F37A}
	EndGlobalSection
EndGlobal
