<?xml version="1.0" encoding="utf-8"?>
<Project ToolsVersion="4.0" xmlns="http://schemas.microsoft.com/developer/msbuild/2003">
  <ItemGroup>
    <Filter Include="소스 파일">
      <UniqueIdentifier>{4FC737F1-C7A5-4376-A066-2A32D752A2FF}</UniqueIdentifier>
      <Extensions>cpp;c;cc;cxx;c++;cppm;ixx;def;odl;idl;hpj;bat;asm;asmx</Extensions>
    </Filter>
    <Filter Include="소스 파일\GameLoop">
      <UniqueIdentifier>{0a6f180d-cd95-40c6-873b-d33dee19c9c0}</UniqueIdentifier>
    </Filter>
    <Filter Include="소스 파일\Core">
      <UniqueIdentifier>{0266d47c-0062-461e-812f-1c783feeb992}</UniqueIdentifier>
    </Filter>
    <Filter Include="소스 파일\Player">
      <UniqueIdentifier>{8dc1af3e-98be-4c3b-8b17-5f983934173e}</UniqueIdentifier>
    </Filter>
    <Filter Include="소스 파일\Timer">
      <UniqueIdentifier>{fed36486-5e27-4561-ad66-d3f52b7cc4c9}</UniqueIdentifier>
    </Filter>
    <Filter Include="소스 파일\BackGround">
      <UniqueIdentifier>{a60d7013-a1f5-45be-b3af-d0a47ca193cf}</UniqueIdentifier>
    </Filter>
    <Filter Include="소스 파일\ImageManager">
      <UniqueIdentifier>{60e1bec9-1f85-4a41-b1ac-1e48be929353}</UniqueIdentifier>
    </Filter>
    <Filter Include="소스 파일\Wall">
      <UniqueIdentifier>{cb3ada3a-69e5-4787-b1a3-021301f41850}</UniqueIdentifier>
    </Filter>
    <Filter Include="소스 파일\Map">
      <UniqueIdentifier>{33ceacac-ee34-43f3-821a-a2e92e4a80d6}</UniqueIdentifier>
    </Filter>
  </ItemGroup>
  <ItemGroup>
    <ClCompile Include="Main.cpp">
      <Filter>소스 파일\Core</Filter>
    </ClCompile>
    <ClCompile Include="GameLoop.cpp">
      <Filter>소스 파일\GameLoop</Filter>
    </ClCompile>
    <ClCompile Include="Player.cpp">
      <Filter>소스 파일\Player</Filter>
    </ClCompile>
    <ClCompile Include="pch.cpp">
      <Filter>소스 파일\Core</Filter>
    </ClCompile>
    <ClCompile Include="Timer.cpp">
      <Filter>소스 파일\Timer</Filter>
    </ClCompile>
    <ClCompile Include="BackGround.cpp">
      <Filter>소스 파일\BackGround</Filter>
    </ClCompile>
    <ClCompile Include="ImageManager.cpp">
      <Filter>소스 파일\ImageManager</Filter>
    </ClCompile>
    <ClCompile Include="Wall.cpp">
      <Filter>소스 파일\Wall</Filter>
    </ClCompile>
    <ClCompile Include="Map.cpp">
      <Filter>소스 파일\Map</Filter>
    </ClCompile>
  </ItemGroup>
  <ItemGroup>
    <ClInclude Include="GameLoop.h">
      <Filter>소스 파일\GameLoop</Filter>
    </ClInclude>
    <ClInclude Include="Player.h">
      <Filter>소스 파일\Player</Filter>
    </ClInclude>
    <ClInclude Include="pch.h">
      <Filter>소스 파일\Core</Filter>
    </ClInclude>
    <ClInclude Include="Timer.h">
      <Filter>소스 파일\Timer</Filter>
    </ClInclude>
    <ClInclude Include="BackGround.h">
      <Filter>소스 파일\BackGround</Filter>
    </ClInclude>
    <ClInclude Include="ImageManager.h">
      <Filter>소스 파일\ImageManager</Filter>
    </ClInclude>
    <ClInclude Include="Wall.h">
      <Filter>소스 파일\Wall</Filter>
    </ClInclude>
    <ClInclude Include="Map.h">
      <Filter>소스 파일\Map</Filter>
    </ClInclude>
  </ItemGroup>
</Project>