<?xml version="1.0" encoding="utf-8"?>
<Project ToolsVersion="4.0" xmlns="http://schemas.microsoft.com/developer/msbuild/2003">
  <ItemGroup>
    <Filter Include="소스 파일">
      <UniqueIdentifier>{4FC737F1-C7A5-4376-A066-2A32D752A2FF}</UniqueIdentifier>
      <Extensions>cpp;c;cc;cxx;c++;cppm;ixx;def;odl;idl;hpj;bat;asm;asmx</Extensions>
    </Filter>
    <Filter Include="리소스 파일">
      <UniqueIdentifier>{67DA6AB6-F800-4c08-8B7A-83BB121AAD01}</UniqueIdentifier>
      <Extensions>rc;ico;cur;bmp;dlg;rc2;rct;bin;rgs;gif;jpg;jpeg;jpe;resx;tiff;tif;png;wav;mfcribbon-ms</Extensions>
    </Filter>
    <Filter Include="소스 파일\Core">
      <UniqueIdentifier>{239d9c77-102d-4e7f-8825-339253a37740}</UniqueIdentifier>
    </Filter>
    <Filter Include="소스 파일\NetworkThread">
      <UniqueIdentifier>{cb5c02e0-7846-41c2-b6e4-10e60a02de97}</UniqueIdentifier>
    </Filter>
    <Filter Include="소스 파일\Headers">
      <UniqueIdentifier>{ae006d27-4655-40cb-bf17-11ad1d4fdf74}</UniqueIdentifier>
    </Filter>
    <Filter Include="소스 파일\EventQueue">
      <UniqueIdentifier>{ea0a5c8d-bc20-4d7b-9d4f-1763c4494813}</UniqueIdentifier>
    </Filter>
  </ItemGroup>
  <ItemGroup>
    <ClCompile Include="Main.cpp">
      <Filter>소스 파일\Core</Filter>
    </ClCompile>
    <ClCompile Include="NetworkThread.cpp">
      <Filter>소스 파일\NetworkThread</Filter>
    </ClCompile>
    <ClCompile Include="EventQueue.cpp">
      <Filter>소스 파일\EventQueue</Filter>
    </ClCompile>
  </ItemGroup>
  <ItemGroup>
    <ClInclude Include="..\NGP_Server\Common.h">
      <Filter>소스 파일\Core</Filter>
    </ClInclude>
    <ClInclude Include="NetworkThread.h">
      <Filter>소스 파일\NetworkThread</Filter>
    </ClInclude>
    <ClInclude Include="Packet.h">
      <Filter>소스 파일\Headers</Filter>
    </ClInclude>
    <ClInclude Include="GameEvent.h">
      <Filter>소스 파일\Headers</Filter>
    </ClInclude>
    <ClInclude Include="EventQueue.h">
      <Filter>소스 파일\EventQueue</Filter>
    </ClInclude>
  </ItemGroup>
</Project>