
Microsoft Visual Studio Solution File, Format Version 12.00
# Visual Studio Version 17
<<<<<<< Updated upstream
VisualStudioVersion = 17.14.36705.20 d17.14
=======
VisualStudioVersion = 17.14.36705.20
>>>>>>> Stashed changes
MinimumVisualStudioVersion = 10.0.40219.1
Project("{8BC9CEB8-8B4A-11D0-8D11-00A0C91BC942}") = "NGP_TCP_Server", "NGP_TCP_Server.vcxproj", "{7DBCF302-E142-4DAA-BC87-DA71AD0D42DC}"
EndProject
Global
	GlobalSection(SolutionConfigurationPlatforms) = preSolution
		Debug|x64 = Debug|x64
		Debug|x86 = Debug|x86
		Release|x64 = Release|x64
		Release|x86 = Release|x86
	EndGlobalSection
	GlobalSection(ProjectConfigurationPlatforms) = postSolution
		{7DBCF302-E142-4DAA-BC87-DA71AD0D42DC}.Debug|x64.ActiveCfg = Debug|x64
		{7DBCF302-E142-4DAA-BC87-DA71AD0D42DC}.Debug|x64.Build.0 = Debug|x64
		{7DBCF302-E142-4DAA-BC87-DA71AD0D42DC}.Debug|x86.ActiveCfg = Debug|Win32
		{7DBCF302-E142-4DAA-BC87-DA71AD0D42DC}.Debug|x86.Build.0 = Debug|Win32
		{7DBCF302-E142-4DAA-BC87-DA71AD0D42DC}.Release|x64.ActiveCfg = Release|x64
		{7DBCF302-E142-4DAA-BC87-DA71AD0D42DC}.Release|x64.Build.0 = Release|x64
		{7DBCF302-E142-4DAA-BC87-DA71AD0D42DC}.Release|x86.ActiveCfg = Release|Win32
		{7DBCF302-E142-4DAA-BC87-DA71AD0D42DC}.Release|x86.Build.0 = Release|Win32
	EndGlobalSection
	GlobalSection(SolutionProperties) = preSolution
		HideSolutionNode = FALSE
	EndGlobalSection
	GlobalSection(ExtensibilityGlobals) = postSolution
		SolutionGuid = {051EA76B-3B07-43A2-8F59-1DCCBCDB2242}
	EndGlobalSection
EndGlobal
