<?xml version="1.0" encoding="utf-8"?>
<Project ToolsVersion="4.0" xmlns="http://schemas.microsoft.com/developer/msbuild/2003">
  <ItemGroup>
    <Filter Include="소스 파일">
      <UniqueIdentifier>{4FC737F1-C7A5-4376-A066-2A32D752A2FF}</UniqueIdentifier>
      <Extensions>cpp;c;cc;cxx;c++;cppm;ixx;def;odl;idl;hpj;bat;asm;asmx</Extensions>
    </Filter>
    <Filter Include="리소스 파일">
      <UniqueIdentifier>{67DA6AB6-F800-4c08-8B7A-83BB121AAD01}</UniqueIdentifier>
      <Extensions>rc;ico;cur;bmp;dlg;rc2;rct;bin;rgs;gif;jpg;jpeg;jpe;resx;tiff;tif;png;wav;mfcribbon-ms</Extensions>
    </Filter>
    <Filter Include="소스 파일\Core">
      <UniqueIdentifier>{239d9c77-102d-4e7f-8825-339253a37740}</UniqueIdentifier>
    </Filter>
    <Filter Include="소스 파일\NetworkThread">
      <UniqueIdentifier>{cb5c02e0-7846-41c2-b6e4-10e60a02de97}</UniqueIdentifier>
    </Filter>
    <Filter Include="소스 파일\Headers">
      <UniqueIdentifier>{ae006d27-4655-40cb-bf17-11ad1d4fdf74}</UniqueIdentifier>
    </Filter>
    <Filter Include="소스 파일\EventQueue">
      <UniqueIdentifier>{ea0a5c8d-bc20-4d7b-9d4f-1763c4494813}</UniqueIdentifier>
    </Filter>
    <Filter Include="소스 파일\Object Class">
      <UniqueIdentifier>{1120ee52-b3ab-4e07-8040-d3e51d44468b}</UniqueIdentifier>
    </Filter>
    <Filter Include="소스 파일\Object Class\Player">
      <UniqueIdentifier>{cf6368d9-b2c8-454c-8745-ebd611861d92}</UniqueIdentifier>
    </Filter>
    <Filter Include="소스 파일\Object Class\Bullet">
      <UniqueIdentifier>{53a97a5b-004e-44e1-ac42-6094d96217b8}</UniqueIdentifier>
    </Filter>
    <Filter Include="소스 파일\Object Class\Grenade">
      <UniqueIdentifier>{6edbb99f-fc22-4a20-bb68-a7f267020509}</UniqueIdentifier>
    </Filter>
    <Filter Include="소스 파일\ThreadManager">
      <UniqueIdentifier>{54ec9786-8208-44ad-850c-73899da5350c}</UniqueIdentifier>
    </Filter>
    <Filter Include="소스 파일\DataManager">
      <UniqueIdentifier>{c5b69291-a338-49cb-bfb5-4bca67420f71}</UniqueIdentifier>
    </Filter>
  </ItemGroup>
  <ItemGroup>
    <ClCompile Include="Main.cpp">
      <Filter>소스 파일\Core</Filter>
    </ClCompile>
    <ClCompile Include="NetworkThread.cpp">
      <Filter>소스 파일\NetworkThread</Filter>
    </ClCompile>
    <ClCompile Include="EventQueue.cpp">
      <Filter>소스 파일\EventQueue</Filter>
    </ClCompile>
    <ClCompile Include="Player.cpp">
      <Filter>소스 파일\Object Class\Player</Filter>
    </ClCompile>
    <ClCompile Include="Bullet.cpp">
      <Filter>소스 파일\Object Class\Bullet</Filter>
    </ClCompile>
    <ClCompile Include="Grenade.cpp">
      <Filter>소스 파일\Object Class\Grenade</Filter>
    </ClCompile>
    <ClCompile Include="ThreadManager.cpp">
      <Filter>소스 파일\ThreadManager</Filter>
    </ClCompile>
    <ClCompile Include="DataManager.cpp">
      <Filter>소스 파일\DataManager</Filter>
    </ClCompile>
    <ClCompile Include="Common.cpp">
      <Filter>소스 파일\Core</Filter>
    </ClCompile>
  </ItemGroup>
  <ItemGroup>
    <ClInclude Include="NetworkThread.h">
      <Filter>소스 파일\NetworkThread</Filter>
    </ClInclude>
    <ClInclude Include="Packet.h">
      <Filter>소스 파일\Headers</Filter>
    </ClInclude>
    <ClInclude Include="GameEvent.h">
      <Filter>소스 파일\Headers</Filter>
    </ClInclude>
    <ClInclude Include="EventQueue.h">
      <Filter>소스 파일\EventQueue</Filter>
    </ClInclude>
    <ClInclude Include="Player.h">
      <Filter>소스 파일\Object Class\Player</Filter>
    </ClInclude>
    <ClInclude Include="Bullet.h">
      <Filter>소스 파일\Object Class\Bullet</Filter>
    </ClInclude>
    <ClInclude Include="Grenade.h">
      <Filter>소스 파일\Object Class\Grenade</Filter>
    </ClInclude>
    <ClInclude Include="ThreadManager.h">
      <Filter>소스 파일\ThreadManager</Filter>
    </ClInclude>
    <ClInclude Include="DataManager.h">
      <Filter>소스 파일\DataManager</Filter>
    </ClInclude>
    <ClInclude Include="Common.h">
      <Filter>소스 파일\Core</Filter>
    </ClInclude>
    <ClInclude Include="concurrentqueue.h">
      <Filter>소스 파일\Headers</Filter>
    </ClInclude>
  </ItemGroup>
</Project>